
Microsoft Visual Studio Solution File, Format Version 12.00
# Visual Studio Version 17
VisualStudioVersion = 17.0.32112.339
MinimumVisualStudioVersion = 10.0.40219.1
Project("{FAE04EC0-301F-11D3-BF4B-00C04F79EFBC}") = "Client", "Client\Client.csproj", "{4E30CFEE-ECCF-4FF1-81BE-02E27D4D1343}"
EndProject
Global
	GlobalSection(SolutionConfigurationPlatforms) = preSolution
		Debug|Any CPU = Debug|Any CPU
		Release|Any CPU = Release|Any CPU
	EndGlobalSection
	GlobalSection(ProjectConfigurationPlatforms) = postSolution
		{4E30CFEE-ECCF-4FF1-81BE-02E27D4D1343}.Debug|Any CPU.ActiveCfg = Debug|Any CPU
		{4E30CFEE-ECCF-4FF1-81BE-02E27D4D1343}.Debug|Any CPU.Build.0 = Debug|Any CPU
		{4E30CFEE-ECCF-4FF1-81BE-02E27D4D1343}.Release|Any CPU.ActiveCfg = Release|Any CPU
		{4E30CFEE-ECCF-4FF1-81BE-02E27D4D1343}.Release|Any CPU.Build.0 = Release|Any CPU
	EndGlobalSection
	GlobalSection(SolutionProperties) = preSolution
		HideSolutionNode = FALSE
	EndGlobalSection
	GlobalSection(ExtensibilityGlobals) = postSolution
		SolutionGuid = {7B0FB90D-BA5B-441A-9832-C314D9487CB0}
	EndGlobalSection
EndGlobal
